{
  "name": "kamranx",
  "version": "1.0.0",
  "lockfileVersion": 2,
  "requires": true,
  "packages": {
    "": {
      "name": "kamranx",
      "version": "1.0.0",
      "license": "ISC",
      "dependencies": {
        "mtprotoproxy": "^2.0.0"
      }
    },
    "node_modules/mtprotoproxy": {
      "version": "2.0.0",
      "resolved": "https://registry.npmjs.org/mtprotoproxy/-/mtprotoproxy-2.0.0.tgz",
      "integrity": "sha512-Aax3bz9GCkqp6Upn7SWBplFMnl/XI/WzurvtZglFyn6fbdEpAC+rgjKEnpeP7rhvd8Y5GZfwPmvs6mjsOQZtPA=="
    }
  },
  "dependencies": {
    "mtprotoproxy": {
      "version": "2.0.0",
      "resolved": "https://registry.npmjs.org/mtprotoproxy/-/mtprotoproxy-2.0.0.tgz",
      "integrity": "sha512-Aax3bz9GCkqp6Upn7SWBplFMnl/XI/WzurvtZglFyn6fbdEpAC+rgjKEnpeP7rhvd8Y5GZfwPmvs6mjsOQZtPA=="
    }
  }
}
