{
  "name": "kamranx",
  "version": "1.0.0",
  "lockfileVersion": 2,
  "requires": true,
  "packages": {
    "": {
      "name": "kamranx",
      "version": "1.0.0",
      "license": "ISC",
      "dependencies": {
        "@mtproto-org/mtproxy": "^2.0.31"
      }
    },
    "node_modules/@mtproto-org/mtproxy": {
      "version": "2.0.31",
      "resolved": "https://registry.npmjs.org/@mtproto-org/mtproxy/-/mtproxy-2.0.31.tgz",
      "integrity": "sha512-HEZCDJsnHfpxKqy6UM/bhQ90+8A78mMQQukcL3CuQVCzappa1DXsyLGlCsEq4WrGZPF9MNHDStyGc56GB3Jtng=="
    }
  },
  "dependencies": {
    "@mtproto-org/mtproxy": {
      "version": "2.0.31",
      "resolved": "https://registry.npmjs.org/@mtproto-org/mtproxy/-/mtproxy-2.0.31.tgz",
      "integrity": "sha512-HEZCDJsnHfpxKqy6UM/bhQ90+8A78mMQQukcL3CuQVCzappa1DXsyLGlCsEq4WrGZPF9MNHDStyGc56GB3Jtng=="
    }
  }
}
